
Microsoft Visual Studio Solution File, Format Version 12.00
# Visual Studio Version 17
VisualStudioVersion = 17.11.35312.102
MinimumVisualStudioVersion = 10.0.40219.1
Project("{9A19103F-16F7-4668-BE54-9A1E7A4F7556}") = "ABVInvest", "ABVInvest\ABVInvest.csproj", "{30ED6256-CEF5-4FD6-B143-3CF65AC26F82}"
EndProject
Project("{9A19103F-16F7-4668-BE54-9A1E7A4F7556}") = "ABVInvest.Data", "ABVInvest.Data\ABVInvest.Data.csproj", "{541BBCA2-6F23-418F-A92A-E16293AA34B4}"
EndProject
Project("{9A19103F-16F7-4668-BE54-9A1E7A4F7556}") = "ABVInvest.Common", "ABVInvest.Common\ABVInvest.Common.csproj", "{98B3B007-8476-46A1-B1C5-5D6B544D68CE}"
EndProject
Project("{9A19103F-16F7-4668-BE54-9A1E7A4F7556}") = "ABVInvest.Services", "ABVInvest.Services\ABVInvest.Services.csproj", "{C6F306F4-1C2D-4535-866F-F655B1AD241E}"
EndProject
Global
	GlobalSection(SolutionConfigurationPlatforms) = preSolution
		Debug|Any CPU = Debug|Any CPU
		Release|Any CPU = Release|Any CPU
	EndGlobalSection
	GlobalSection(ProjectConfigurationPlatforms) = postSolution
		{30ED6256-CEF5-4FD6-B143-3CF65AC26F82}.Debug|Any CPU.ActiveCfg = Debug|Any CPU
		{30ED6256-CEF5-4FD6-B143-3CF65AC26F82}.Debug|Any CPU.Build.0 = Debug|Any CPU
		{30ED6256-CEF5-4FD6-B143-3CF65AC26F82}.Release|Any CPU.ActiveCfg = Release|Any CPU
		{30ED6256-CEF5-4FD6-B143-3CF65AC26F82}.Release|Any CPU.Build.0 = Release|Any CPU
		{541BBCA2-6F23-418F-A92A-E16293AA34B4}.Debug|Any CPU.ActiveCfg = Debug|Any CPU
		{541BBCA2-6F23-418F-A92A-E16293AA34B4}.Debug|Any CPU.Build.0 = Debug|Any CPU
		{541BBCA2-6F23-418F-A92A-E16293AA34B4}.Release|Any CPU.ActiveCfg = Release|Any CPU
		{541BBCA2-6F23-418F-A92A-E16293AA34B4}.Release|Any CPU.Build.0 = Release|Any CPU
		{98B3B007-8476-46A1-B1C5-5D6B544D68CE}.Debug|Any CPU.ActiveCfg = Debug|Any CPU
		{98B3B007-8476-46A1-B1C5-5D6B544D68CE}.Debug|Any CPU.Build.0 = Debug|Any CPU
		{98B3B007-8476-46A1-B1C5-5D6B544D68CE}.Release|Any CPU.ActiveCfg = Release|Any CPU
		{98B3B007-8476-46A1-B1C5-5D6B544D68CE}.Release|Any CPU.Build.0 = Release|Any CPU
		{C6F306F4-1C2D-4535-866F-F655B1AD241E}.Debug|Any CPU.ActiveCfg = Debug|Any CPU
		{C6F306F4-1C2D-4535-866F-F655B1AD241E}.Debug|Any CPU.Build.0 = Debug|Any CPU
		{C6F306F4-1C2D-4535-866F-F655B1AD241E}.Release|Any CPU.ActiveCfg = Release|Any CPU
		{C6F306F4-1C2D-4535-866F-F655B1AD241E}.Release|Any CPU.Build.0 = Release|Any CPU
	EndGlobalSection
	GlobalSection(SolutionProperties) = preSolution
		HideSolutionNode = FALSE
	EndGlobalSection
	GlobalSection(ExtensibilityGlobals) = postSolution
		SolutionGuid = {E27E88DD-53D6-4FB4-8FBB-FA51D6B16940}
	EndGlobalSection
EndGlobal
